
Microsoft Visual Studio Solution File, Format Version 12.00
# Visual Studio Version 17
VisualStudioVersion = 17.7.34031.279
MinimumVisualStudioVersion = 10.0.40219.1
Project("{FAE04EC0-301F-11D3-BF4B-00C04F79EFBC}") = "CapaPresentacion", "Forrajeria\CapaPresentacion.csproj", "{D7387EBE-644D-4642-91D6-A4401B01592D}"
EndProject
Project("{FAE04EC0-301F-11D3-BF4B-00C04F79EFBC}") = "CapaAccesoDatos", "CapaAccesoDatos\CapaAccesoDatos.csproj", "{311732D8-E2B6-45B8-AA96-49EE39192D8A}"
EndProject
Project("{FAE04EC0-301F-11D3-BF4B-00C04F79EFBC}") = "CapaLogicaNegocio", "CapaLogica\CapaLogicaNegocio.csproj", "{8F4B1E58-4B81-4F92-991C-18D9F0B6ABC6}"
EndProject
Global
	GlobalSection(SolutionConfigurationPlatforms) = preSolution
		Debug|Any CPU = Debug|Any CPU
		Release|Any CPU = Release|Any CPU
	EndGlobalSection
	GlobalSection(ProjectConfigurationPlatforms) = postSolution
		{D7387EBE-644D-4642-91D6-A4401B01592D}.Debug|Any CPU.ActiveCfg = Debug|Any CPU
		{D7387EBE-644D-4642-91D6-A4401B01592D}.Debug|Any CPU.Build.0 = Debug|Any CPU
		{D7387EBE-644D-4642-91D6-A4401B01592D}.Release|Any CPU.ActiveCfg = Release|Any CPU
		{D7387EBE-644D-4642-91D6-A4401B01592D}.Release|Any CPU.Build.0 = Release|Any CPU
		{311732D8-E2B6-45B8-AA96-49EE39192D8A}.Debug|Any CPU.ActiveCfg = Debug|Any CPU
		{311732D8-E2B6-45B8-AA96-49EE39192D8A}.Debug|Any CPU.Build.0 = Debug|Any CPU
		{311732D8-E2B6-45B8-AA96-49EE39192D8A}.Release|Any CPU.ActiveCfg = Release|Any CPU
		{311732D8-E2B6-45B8-AA96-49EE39192D8A}.Release|Any CPU.Build.0 = Release|Any CPU
		{8F4B1E58-4B81-4F92-991C-18D9F0B6ABC6}.Debug|Any CPU.ActiveCfg = Debug|Any CPU
		{8F4B1E58-4B81-4F92-991C-18D9F0B6ABC6}.Debug|Any CPU.Build.0 = Debug|Any CPU
		{8F4B1E58-4B81-4F92-991C-18D9F0B6ABC6}.Release|Any CPU.ActiveCfg = Release|Any CPU
		{8F4B1E58-4B81-4F92-991C-18D9F0B6ABC6}.Release|Any CPU.Build.0 = Release|Any CPU
	EndGlobalSection
	GlobalSection(SolutionProperties) = preSolution
		HideSolutionNode = FALSE
	EndGlobalSection
	GlobalSection(ExtensibilityGlobals) = postSolution
		SolutionGuid = {3B71D526-B41E-4770-B4FF-B0A2C18D37C8}
	EndGlobalSection
EndGlobal
